// !$*UTF8*$!
{
	archiveVersion = 1;
	classes = {
	};
	objectVersion = 77;
	objects = {

/* Begin PBXBuildFile section */
		0BECB7067388F3643094548F /* Pods_AutoLedger.framework in Frameworks */ = {isa = PBXBuildFile; fileRef = 3EC5791F6A6EB325FD337255 /* Pods_AutoLedger.framework */; };
		AABB00040000000400000004 /* AutoLedgerCore in Frameworks */ = {isa = PBXBuildFile; productRef = AABB00020000000200000002 /* AutoLedgerCore */; };
		AABB00050000000500000005 /* AutoLedgerCore in Frameworks */ = {isa = PBXBuildFile; productRef = AABB00030000000300000003 /* AutoLedgerCore */; };
		C017EEBA2F875C1600639DC8 /* ShareExtension.appex in Embed Foundation Extensions */ = {isa = PBXBuildFile; fileRef = C017EEB02F875C1600639DC8 /* ShareExtension.appex */; platformFilters = (ios, ); settings = {ATTRIBUTES = (RemoveHeadersOnCopy, ); }; };
		C03041882FB4235100F02850 /* AutoLedgerWatch Watch App.app in Embed Watch Content */ = {isa = PBXBuildFile; fileRef = C030417E2FB4235000F02850 /* AutoLedgerWatch Watch App.app */; platformFilters = (ios, ); settings = {ATTRIBUTES = (RemoveHeadersOnCopy, ); }; };
		C030418E2FB4240500F02850 /* AutoLedgerCore in Frameworks */ = {isa = PBXBuildFile; productRef = C030418D2FB4240500F02850 /* AutoLedgerCore */; };
		C08D1AEB2F9A0A3B00CF2B9E /* WidgetKit.framework in Frameworks */ = {isa = PBXBuildFile; fileRef = C08D1AEA2F9A0A3B00CF2B9E /* WidgetKit.framework */; };
		C08D1AED2F9A0A3B00CF2B9E /* SwiftUI.framework in Frameworks */ = {isa = PBXBuildFile; fileRef = C08D1AEC2F9A0A3B00CF2B9E /* SwiftUI.framework */; };
		C08D1AFE2F9A0A3C00CF2B9E /* AutoLedgerWidgetsExtension.appex in Embed Foundation Extensions */ = {isa = PBXBuildFile; fileRef = C08D1AE92F9A0A3B00CF2B9E /* AutoLedgerWidgetsExtension.appex */; platformFilters = (ios, ); settings = {ATTRIBUTES = (RemoveHeadersOnCopy, ); }; };
		C0A00EDF2FCFC9AC0072F729 /* WidgetKit.framework in Frameworks */ = {isa = PBXBuildFile; fileRef = C08D1AEA2F9A0A3B00CF2B9E /* WidgetKit.framework */; };
		C0A00EE02FCFC9AC0072F729 /* SwiftUI.framework in Frameworks */ = {isa = PBXBuildFile; fileRef = C08D1AEC2F9A0A3B00CF2B9E /* SwiftUI.framework */; };
		C0A00EEF2FCFC9AF0072F729 /* AutoLedgerWatchWidgetsExtensionExtension.appex in Embed Foundation Extensions */ = {isa = PBXBuildFile; fileRef = C0A00EDE2FCFC9AC0072F729 /* AutoLedgerWatchWidgetsExtensionExtension.appex */; settings = {ATTRIBUTES = (RemoveHeadersOnCopy, ); }; };
		C0F1A8932FD15B6C0012F5E3 /* RealityKitContent in Frameworks */ = {isa = PBXBuildFile; productRef = C0F1A8922FD15B6C0012F5E3 /* RealityKitContent */; };
		D0CC000A2FA68B0000639DC8 /* ControlWidgetExtension.appex in Embed Foundation Extensions */ = {isa = PBXBuildFile; fileRef = D0CC00012FA68B0000639DC8 /* ControlWidgetExtension.appex */; platformFilters = (ios, ); settings = {ATTRIBUTES = (RemoveHeadersOnCopy, ); }; };
		D0CC000B2FA68B0000639DC8 /* AutoLedgerCore in Frameworks */ = {isa = PBXBuildFile; productRef = D0CC000F2FA68B0000639DC8 /* AutoLedgerCore */; };
/* End PBXBuildFile section */

/* Begin PBXContainerItemProxy section */
		C017EEB82F875C1600639DC8 /* PBXContainerItemProxy */ = {
			isa = PBXContainerItemProxy;
			containerPortal = C042FD6C2F76270200A01918 /* Project object */;
			proxyType = 1;
			remoteGlobalIDString = C017EEAF2F875C1600639DC8;
			remoteInfo = ShareExtension;
		};
		C03041862FB4235100F02850 /* PBXContainerItemProxy */ = {
			isa = PBXContainerItemProxy;
			containerPortal = C042FD6C2F76270200A01918 /* Project object */;
			proxyType = 1;
			remoteGlobalIDString = C030417D2FB4235000F02850;
			remoteInfo = "AutoLedgerWatch Watch App";
		};
		C08D1AFC2F9A0A3C00CF2B9E /* PBXContainerItemProxy */ = {
			isa = PBXContainerItemProxy;
			containerPortal = C042FD6C2F76270200A01918 /* Project object */;
			proxyType = 1;
			remoteGlobalIDString = C08D1AE82F9A0A3B00CF2B9E;
			remoteInfo = AutoLedgerWidgetsExtension;
		};
		C0A00EED2FCFC9AF0072F729 /* PBXContainerItemProxy */ = {
			isa = PBXContainerItemProxy;
			containerPortal = C042FD6C2F76270200A01918 /* Project object */;
			proxyType = 1;
			remoteGlobalIDString = C0A00EDD2FCFC9AC0072F729;
			remoteInfo = AutoLedgerWatchWidgetsExtensionExtension;
		};
		D0CC00082FA68B0000639DC8 /* PBXContainerItemProxy */ = {
			isa = PBXContainerItemProxy;
			containerPortal = C042FD6C2F76270200A01918 /* Project object */;
			proxyType = 1;
			remoteGlobalIDString = D0CC00072FA68B0000639DC8;
			remoteInfo = ControlWidgetExtension;
		};
/* End PBXContainerItemProxy section */

/* Begin PBXCopyFilesBuildPhase section */
		C017EEBF2F875C1600639DC8 /* Embed Foundation Extensions */ = {
			isa = PBXCopyFilesBuildPhase;
			buildActionMask = 2147483647;
			dstPath = "";
			dstSubfolderSpec = 13;
			files = (
				C08D1AFE2F9A0A3C00CF2B9E /* AutoLedgerWidgetsExtension.appex in Embed Foundation Extensions */,
				C017EEBA2F875C1600639DC8 /* ShareExtension.appex in Embed Foundation Extensions */,
				D0CC000A2FA68B0000639DC8 /* ControlWidgetExtension.appex in Embed Foundation Extensions */,
			);
			name = "Embed Foundation Extensions";
			runOnlyForDeploymentPostprocessing = 0;
		};
		C03041892FB4235100F02850 /* Embed Watch Content */ = {
			isa = PBXCopyFilesBuildPhase;
			buildActionMask = 2147483647;
			dstPath = "$(CONTENTS_FOLDER_PATH)/Watch";
			dstSubfolderSpec = 16;
			files = (
				C03041882FB4235100F02850 /* AutoLedgerWatch Watch App.app in Embed Watch Content */,
			);
			name = "Embed Watch Content";
			runOnlyForDeploymentPostprocessing = 0;
		};
		C0A00EF42FCFC9AF0072F729 /* Embed Foundation Extensions */ = {
			isa = PBXCopyFilesBuildPhase;
			buildActionMask = 2147483647;
			dstPath = "";
			dstSubfolderSpec = 13;
			files = (
				C0A00EEF2FCFC9AF0072F729 /* AutoLedgerWatchWidgetsExtensionExtension.appex in Embed Foundation Extensions */,
			);
			name = "Embed Foundation Extensions";
			runOnlyForDeploymentPostprocessing = 0;
		};
/* End PBXCopyFilesBuildPhase section */

/* Begin PBXFileReference section */
		3EC5791F6A6EB325FD337255 /* Pods_AutoLedger.framework */ = {isa = PBXFileReference; explicitFileType = wrapper.framework; includeInIndex = 0; path = Pods_AutoLedger.framework; sourceTree = BUILT_PRODUCTS_DIR; };
		4D9F0E98664337C76D7A2F0D /* Pods-AutoLedger.debug.xcconfig */ = {isa = PBXFileReference; includeInIndex = 1; lastKnownFileType = text.xcconfig; name = "Pods-AutoLedger.debug.xcconfig"; path = "Target Support Files/Pods-AutoLedger/Pods-AutoLedger.debug.xcconfig"; sourceTree = "<group>"; };
		C017EEB02F875C1600639DC8 /* ShareExtension.appex */ = {isa = PBXFileReference; explicitFileType = "wrapper.app-extension"; includeInIndex = 0; path = ShareExtension.appex; sourceTree = BUILT_PRODUCTS_DIR; };
		C030417E2FB4235000F02850 /* AutoLedgerWatch Watch App.app */ = {isa = PBXFileReference; explicitFileType = wrapper.application; includeInIndex = 0; path = "AutoLedgerWatch Watch App.app"; sourceTree = BUILT_PRODUCTS_DIR; };
		C042FD742F76270200A01918 /* AutoLedger.app */ = {isa = PBXFileReference; explicitFileType = wrapper.application; includeInIndex = 0; path = AutoLedger.app; sourceTree = BUILT_PRODUCTS_DIR; };
		C08D1AE92F9A0A3B00CF2B9E /* AutoLedgerWidgetsExtension.appex */ = {isa = PBXFileReference; explicitFileType = "wrapper.app-extension"; includeInIndex = 0; path = AutoLedgerWidgetsExtension.appex; sourceTree = BUILT_PRODUCTS_DIR; };
		C08D1AEA2F9A0A3B00CF2B9E /* WidgetKit.framework */ = {isa = PBXFileReference; lastKnownFileType = wrapper.framework; name = WidgetKit.framework; path = System/Library/Frameworks/WidgetKit.framework; sourceTree = SDKROOT; };
		C08D1AEC2F9A0A3B00CF2B9E /* SwiftUI.framework */ = {isa = PBXFileReference; lastKnownFileType = wrapper.framework; name = SwiftUI.framework; path = System/Library/Frameworks/SwiftUI.framework; sourceTree = SDKROOT; };
		C08D1B032F9A0A7000CF2B9E /* AutoLedgerWidgetsExtension.entitlements */ = {isa = PBXFileReference; lastKnownFileType = text.plist.entitlements; path = AutoLedgerWidgetsExtension.entitlements; sourceTree = "<group>"; };
		C0A00EDE2FCFC9AC0072F729 /* AutoLedgerWatchWidgetsExtensionExtension.appex */ = {isa = PBXFileReference; explicitFileType = "wrapper.app-extension"; includeInIndex = 0; path = AutoLedgerWatchWidgetsExtensionExtension.appex; sourceTree = BUILT_PRODUCTS_DIR; };
		C0A00EF62FCFCA2A0072F729 /* AutoLedgerWatchWidgetsExtensionExtension.entitlements */ = {isa = PBXFileReference; lastKnownFileType = text.plist.entitlements; path = AutoLedgerWatchWidgetsExtensionExtension.entitlements; sourceTree = "<group>"; };
		C0F1A87F2FD156E40012F5E3 /* AutoLedgerTV.app */ = {isa = PBXFileReference; explicitFileType = wrapper.application; includeInIndex = 0; path = AutoLedgerTV.app; sourceTree = BUILT_PRODUCTS_DIR; };
		C0F1A88E2FD15B6C0012F5E3 /* AutoLedgerVision.app */ = {isa = PBXFileReference; explicitFileType = wrapper.application; includeInIndex = 0; path = AutoLedgerVision.app; sourceTree = BUILT_PRODUCTS_DIR; };
		C0F1A8912FD15B6C0012F5E3 /* RealityKitContent */ = {isa = PBXFileReference; lastKnownFileType = wrapper; path = RealityKitContent; sourceTree = "<group>"; };
		D0AA00012FC70E0000639DC8 /* AutoLedgerSupport.storekit */ = {isa = PBXFileReference; lastKnownFileType = text; path = AutoLedgerSupport.storekit; sourceTree = "<group>"; };
		D0CC00012FA68B0000639DC8 /* ControlWidgetExtension.appex */ = {isa = PBXFileReference; explicitFileType = "wrapper.app-extension"; includeInIndex = 0; path = ControlWidgetExtension.appex; sourceTree = BUILT_PRODUCTS_DIR; };
		F3E9CB3BD1997D348E7B8304 /* Pods-AutoLedger.release.xcconfig */ = {isa = PBXFileReference; includeInIndex = 1; lastKnownFileType = text.xcconfig; name = "Pods-AutoLedger.release.xcconfig"; path = "Target Support Files/Pods-AutoLedger/Pods-AutoLedger.release.xcconfig"; sourceTree = "<group>"; };
/* End PBXFileReference section */

/* Begin PBXFileSystemSynchronizedBuildFileExceptionSet section */
		C017EEBB2F875C1600639DC8 /* Exceptions for "ShareExtension" folder in "ShareExtension" target */ = {
			isa = PBXFileSystemSynchronizedBuildFileExceptionSet;
			membershipExceptions = (
				Info.plist,
			);
			target = C017EEAF2F875C1600639DC8 /* ShareExtension */;
		};
		C03041992FB4271000F02850 /* Exceptions for "AutoLedger" folder in "ShareExtension" target */ = {
			isa = PBXFileSystemSynchronizedBuildFileExceptionSet;
			membershipExceptions = (
				Domain/Services/OCRService.swift,
				Domain/Services/ReceiptParser.swift,
			);
			target = C017EEAF2F875C1600639DC8 /* ShareExtension */;
		};
		C042FD752F76270200A01919 /* Exceptions for "AutoLedger" folder in "AutoLedger" target */ = {
			isa = PBXFileSystemSynchronizedBuildFileExceptionSet;
			membershipExceptions = (
				Data/DTO/README.md,
				Data/Mappers/README.md,
				Data/Persistence/README.md,
				Domain/Enums/README.md,
				Domain/Models/README.md,
				Domain/Services/README.md,
				Features/Inbox/README.md,
				Features/Ledger/README.md,
				Features/Report/README.md,
				Features/Settings/README.md,
				Features/Subscription/README.md,
				Resources/README.md,
				Shared/Components/README.md,
				Shared/Constants/README.md,
				Shared/Extensions/README.md,
				Shared/Utils/README.md,
			);
			target = C042FD732F76270200A01918 /* AutoLedger */;
		};
		C08D1B022F9A0A3C00CF2B9E /* Exceptions for "AutoLedgerWidgets" folder in "AutoLedgerWidgetsExtension" target */ = {
			isa = PBXFileSystemSynchronizedBuildFileExceptionSet;
			membershipExceptions = (
				Info.plist,
			);
			target = C08D1AE82F9A0A3B00CF2B9E /* AutoLedgerWidgetsExtension */;
		};
		C0A00EF32FCFC9AF0072F729 /* Exceptions for "AutoLedgerWatchWidgetsExtension" folder in "AutoLedgerWatchWidgetsExtensionExtension" target */ = {
			isa = PBXFileSystemSynchronizedBuildFileExceptionSet;
			membershipExceptions = (
				Info.plist,
			);
			target = C0A00EDD2FCFC9AC0072F729 /* AutoLedgerWatchWidgetsExtensionExtension */;
		};
		C0F1A89B2FD15B6E0012F5E3 /* Exceptions for "AutoLedgerVision" folder in "AutoLedgerVision" target */ = {
			isa = PBXFileSystemSynchronizedBuildFileExceptionSet;
			membershipExceptions = (
				Info.plist,
			);
			target = C0F1A88D2FD15B6C0012F5E3 /* AutoLedgerVision */;
		};
		D0CC00032FA68B0000639DC8 /* Exceptions for "ControlWidgetExtension" folder in "ControlWidgetExtension" target */ = {
			isa = PBXFileSystemSynchronizedBuildFileExceptionSet;
			membershipExceptions = (
				Info.plist,
			);
			target = D0CC00072FA68B0000639DC8 /* ControlWidgetExtension */;
		};
/* End PBXFileSystemSynchronizedBuildFileExceptionSet section */

/* Begin PBXFileSystemSynchronizedRootGroup section */
		C017EEB12F875C1600639DC8 /* ShareExtension */ = {
			isa = PBXFileSystemSynchronizedRootGroup;
			exceptions = (
				C017EEBB2F875C1600639DC8 /* Exceptions for "ShareExtension" folder in "ShareExtension" target */,
			);
			path = ShareExtension;
			sourceTree = "<group>";
		};
		C030417F2FB4235000F02850 /* AutoLedgerWatch Watch App */ = {
			isa = PBXFileSystemSynchronizedRootGroup;
			path = "AutoLedgerWatch Watch App";
			sourceTree = "<group>";
		};
		C042FD762F76270200A01918 /* AutoLedger */ = {
			isa = PBXFileSystemSynchronizedRootGroup;
			exceptions = (
				C042FD752F76270200A01919 /* Exceptions for "AutoLedger" folder in "AutoLedger" target */,
				C03041992FB4271000F02850 /* Exceptions for "AutoLedger" folder in "ShareExtension" target */,
			);
			path = AutoLedger;
			sourceTree = "<group>";
		};
		C08D1AEE2F9A0A3B00CF2B9E /* AutoLedgerWidgets */ = {
			isa = PBXFileSystemSynchronizedRootGroup;
			exceptions = (
				C08D1B022F9A0A3C00CF2B9E /* Exceptions for "AutoLedgerWidgets" folder in "AutoLedgerWidgetsExtension" target */,
			);
			path = AutoLedgerWidgets;
			sourceTree = "<group>";
		};
		C0A00EE12FCFC9AC0072F729 /* AutoLedgerWatchWidgetsExtension */ = {
			isa = PBXFileSystemSynchronizedRootGroup;
			exceptions = (
				C0A00EF32FCFC9AF0072F729 /* Exceptions for "AutoLedgerWatchWidgetsExtension" folder in "AutoLedgerWatchWidgetsExtensionExtension" target */,
			);
			path = AutoLedgerWatchWidgetsExtension;
			sourceTree = "<group>";
		};
		C0F1A8802FD156E40012F5E3 /* AutoLedgerTV */ = {
			isa = PBXFileSystemSynchronizedRootGroup;
			path = AutoLedgerTV;
			sourceTree = "<group>";
		};
		C0F1A88F2FD15B6C0012F5E3 /* AutoLedgerVision */ = {
			isa = PBXFileSystemSynchronizedRootGroup;
			exceptions = (
				C0F1A89B2FD15B6E0012F5E3 /* Exceptions for "AutoLedgerVision" folder in "AutoLedgerVision" target */,
			);
			path = AutoLedgerVision;
			sourceTree = "<group>";
		};
		D0CC00022FA68B0000639DC8 /* ControlWidgetExtension */ = {
			isa = PBXFileSystemSynchronizedRootGroup;
			exceptions = (
				D0CC00032FA68B0000639DC8 /* Exceptions for "ControlWidgetExtension" folder in "ControlWidgetExtension" target */,
			);
			path = ControlWidgetExtension;
			sourceTree = "<group>";
		};
/* End PBXFileSystemSynchronizedRootGroup section */

/* Begin PBXFrameworksBuildPhase section */
		C017EEAD2F875C1600639DC8 /* Frameworks */ = {
			isa = PBXFrameworksBuildPhase;
			buildActionMask = 2147483647;
			files = (
				AABB00050000000500000005 /* AutoLedgerCore in Frameworks */,
			);
			runOnlyForDeploymentPostprocessing = 0;
		};
		C030417B2FB4235000F02850 /* Frameworks */ = {
			isa = PBXFrameworksBuildPhase;
			buildActionMask = 2147483647;
			files = (
				C030418E2FB4240500F02850 /* AutoLedgerCore in Frameworks */,
			);
			runOnlyForDeploymentPostprocessing = 0;
		};
		C042FD712F76270200A01918 /* Frameworks */ = {
			isa = PBXFrameworksBuildPhase;
			buildActionMask = 2147483647;
			files = (
				AABB00040000000400000004 /* AutoLedgerCore in Frameworks */,
				0BECB7067388F3643094548F /* Pods_AutoLedger.framework in Frameworks */,
			);
			runOnlyForDeploymentPostprocessing = 0;
		};
		C08D1AE62F9A0A3B00CF2B9E /* Frameworks */ = {
			isa = PBXFrameworksBuildPhase;
			buildActionMask = 2147483647;
			files = (
				C08D1AED2F9A0A3B00CF2B9E /* SwiftUI.framework in Frameworks */,
				C08D1AEB2F9A0A3B00CF2B9E /* WidgetKit.framework in Frameworks */,
			);
			runOnlyForDeploymentPostprocessing = 0;
		};
		C0A00EDB2FCFC9AC0072F729 /* Frameworks */ = {
			isa = PBXFrameworksBuildPhase;
			buildActionMask = 2147483647;
			files = (
				C0A00EE02FCFC9AC0072F729 /* SwiftUI.framework in Frameworks */,
				C0A00EDF2FCFC9AC0072F729 /* WidgetKit.framework in Frameworks */,
			);
			runOnlyForDeploymentPostprocessing = 0;
		};
		C0F1A87C2FD156E40012F5E3 /* Frameworks */ = {
			isa = PBXFrameworksBuildPhase;
			buildActionMask = 2147483647;
			files = (
			);
			runOnlyForDeploymentPostprocessing = 0;
		};
		C0F1A88B2FD15B6C0012F5E3 /* Frameworks */ = {
			isa = PBXFrameworksBuildPhase;
			buildActionMask = 2147483647;
			files = (
				C0F1A8932FD15B6C0012F5E3 /* RealityKitContent in Frameworks */,
			);
			runOnlyForDeploymentPostprocessing = 0;
		};
		D0CC00052FA68B0000639DC8 /* Frameworks */ = {
			isa = PBXFrameworksBuildPhase;
			buildActionMask = 2147483647;
			files = (
				D0CC000B2FA68B0000639DC8 /* AutoLedgerCore in Frameworks */,
			);
			runOnlyForDeploymentPostprocessing = 0;
		};
/* End PBXFrameworksBuildPhase section */

/* Begin PBXGroup section */
		13BEB0B77CF0A0026FA94868 /* Pods */ = {
			isa = PBXGroup;
			children = (
				4D9F0E98664337C76D7A2F0D /* Pods-AutoLedger.debug.xcconfig */,
				F3E9CB3BD1997D348E7B8304 /* Pods-AutoLedger.release.xcconfig */,
			);
			path = Pods;
			sourceTree = "<group>";
		};
		2372506559E3E54DCB779F64 /* Frameworks */ = {
			isa = PBXGroup;
			children = (
				3EC5791F6A6EB325FD337255 /* Pods_AutoLedger.framework */,
				C08D1AEA2F9A0A3B00CF2B9E /* WidgetKit.framework */,
				C08D1AEC2F9A0A3B00CF2B9E /* SwiftUI.framework */,
			);
			name = Frameworks;
			sourceTree = "<group>";
		};
		C042FD6B2F76270200A01918 = {
			isa = PBXGroup;
			children = (
				C0A00EF62FCFCA2A0072F729 /* AutoLedgerWatchWidgetsExtensionExtension.entitlements */,
				D0AA00012FC70E0000639DC8 /* AutoLedgerSupport.storekit */,
				C08D1B032F9A0A7000CF2B9E /* AutoLedgerWidgetsExtension.entitlements */,
				C042FD762F76270200A01918 /* AutoLedger */,
				C017EEB12F875C1600639DC8 /* ShareExtension */,
				D0CC00022FA68B0000639DC8 /* ControlWidgetExtension */,
				C08D1AEE2F9A0A3B00CF2B9E /* AutoLedgerWidgets */,
				C030417F2FB4235000F02850 /* AutoLedgerWatch Watch App */,
				C0A00EE12FCFC9AC0072F729 /* AutoLedgerWatchWidgetsExtension */,
				C0F1A8802FD156E40012F5E3 /* AutoLedgerTV */,
				C0F1A88F2FD15B6C0012F5E3 /* AutoLedgerVision */,
				C0F1A8902FD15B6C0012F5E3 /* Packages */,
				C042FD752F76270200A01918 /* Products */,
				13BEB0B77CF0A0026FA94868 /* Pods */,
				2372506559E3E54DCB779F64 /* Frameworks */,
			);
			sourceTree = "<group>";
		};
		C042FD752F76270200A01918 /* Products */ = {
			isa = PBXGroup;
			children = (
				C042FD742F76270200A01918 /* AutoLedger.app */,
				C017EEB02F875C1600639DC8 /* ShareExtension.appex */,
				D0CC00012FA68B0000639DC8 /* ControlWidgetExtension.appex */,
				C08D1AE92F9A0A3B00CF2B9E /* AutoLedgerWidgetsExtension.appex */,
				C030417E2FB4235000F02850 /* AutoLedgerWatch Watch App.app */,
				C0A00EDE2FCFC9AC0072F729 /* AutoLedgerWatchWidgetsExtensionExtension.appex */,
				C0F1A87F2FD156E40012F5E3 /* AutoLedgerTV.app */,
				C0F1A88E2FD15B6C0012F5E3 /* AutoLedgerVision.app */,
			);
			name = Products;
			sourceTree = "<group>";
		};
		C0F1A8902FD15B6C0012F5E3 /* Packages */ = {
			isa = PBXGroup;
			children = (
				C0F1A8912FD15B6C0012F5E3 /* RealityKitContent */,
			);
			path = Packages;
			sourceTree = "<group>";
		};
/* End PBXGroup section */

/* Begin PBXNativeTarget section */
		C017EEAF2F875C1600639DC8 /* ShareExtension */ = {
			isa = PBXNativeTarget;
			buildConfigurationList = C017EEBC2F875C1600639DC8 /* Build configuration list for PBXNativeTarget "ShareExtension" */;
			buildPhases = (
				C017EEAC2F875C1600639DC8 /* Sources */,
				C017EEAD2F875C1600639DC8 /* Frameworks */,
				C017EEAE2F875C1600639DC8 /* Resources */,
			);
			buildRules = (
			);
			dependencies = (
			);
			fileSystemSynchronizedGroups = (
				C017EEB12F875C1600639DC8 /* ShareExtension */,
			);
			name = ShareExtension;
			packageProductDependencies = (
				AABB00030000000300000003 /* AutoLedgerCore */,
			);
			productName = ShareExtension;
			productReference = C017EEB02F875C1600639DC8 /* ShareExtension.appex */;
			productType = "com.apple.product-type.app-extension";
		};
		C030417D2FB4235000F02850 /* AutoLedgerWatch Watch App */ = {
			isa = PBXNativeTarget;
			buildConfigurationList = C030418C2FB4235100F02850 /* Build configuration list for PBXNativeTarget "AutoLedgerWatch Watch App" */;
			buildPhases = (
				C030417A2FB4235000F02850 /* Sources */,
				C030417B2FB4235000F02850 /* Frameworks */,
				C030417C2FB4235000F02850 /* Resources */,
				C0A00EF42FCFC9AF0072F729 /* Embed Foundation Extensions */,
			);
			buildRules = (
			);
			dependencies = (
				C0A00EEE2FCFC9AF0072F729 /* PBXTargetDependency */,
			);
			fileSystemSynchronizedGroups = (
				C030417F2FB4235000F02850 /* AutoLedgerWatch Watch App */,
			);
			name = "AutoLedgerWatch Watch App";
			packageProductDependencies = (
				C030418D2FB4240500F02850 /* AutoLedgerCore */,
			);
			productName = "AutoLedgerWatch Watch App";
			productReference = C030417E2FB4235000F02850 /* AutoLedgerWatch Watch App.app */;
			productType = "com.apple.product-type.application";
		};
		C042FD732F76270200A01918 /* AutoLedger */ = {
			isa = PBXNativeTarget;
			buildConfigurationList = C042FD7F2F76270300A01918 /* Build configuration list for PBXNativeTarget "AutoLedger" */;
			buildPhases = (
				BB3280C038644CF164E2E249 /* [CP] Check Pods Manifest.lock */,
				C042FD702F76270200A01918 /* Sources */,
				C042FD712F76270200A01918 /* Frameworks */,
				C042FD722F76270200A01918 /* Resources */,
				C017EEBF2F875C1600639DC8 /* Embed Foundation Extensions */,
				C03041892FB4235100F02850 /* Embed Watch Content */,
			);
			buildRules = (
			);
			dependencies = (
				C017EEB92F875C1600639DC8 /* PBXTargetDependency */,
				D0CC00092FA68B0000639DC8 /* PBXTargetDependency */,
				C08D1AFD2F9A0A3C00CF2B9E /* PBXTargetDependency */,
				C03041872FB4235100F02850 /* PBXTargetDependency */,
			);
			fileSystemSynchronizedGroups = (
				C042FD762F76270200A01918 /* AutoLedger */,
			);
			name = AutoLedger;
			packageProductDependencies = (
				AABB00020000000200000002 /* AutoLedgerCore */,
			);
			productName = AutoLedger;
			productReference = C042FD742F76270200A01918 /* AutoLedger.app */;
			productType = "com.apple.product-type.application";
		};
		C08D1AE82F9A0A3B00CF2B9E /* AutoLedgerWidgetsExtension */ = {
			isa = PBXNativeTarget;
			buildConfigurationList = C08D1B012F9A0A3C00CF2B9E /* Build configuration list for PBXNativeTarget "AutoLedgerWidgetsExtension" */;
			buildPhases = (
				C08D1AE52F9A0A3B00CF2B9E /* Sources */,
				C08D1AE62F9A0A3B00CF2B9E /* Frameworks */,
				C08D1AE72F9A0A3B00CF2B9E /* Resources */,
			);
			buildRules = (
			);
			dependencies = (
			);
			fileSystemSynchronizedGroups = (
				C08D1AEE2F9A0A3B00CF2B9E /* AutoLedgerWidgets */,
			);
			name = AutoLedgerWidgetsExtension;
			packageProductDependencies = (
			);
			productName = AutoLedgerWidgetsExtension;
			productReference = C08D1AE92F9A0A3B00CF2B9E /* AutoLedgerWidgetsExtension.appex */;
			productType = "com.apple.product-type.app-extension";
		};
		C0A00EDD2FCFC9AC0072F729 /* AutoLedgerWatchWidgetsExtensionExtension */ = {
			isa = PBXNativeTarget;
			buildConfigurationList = C0A00EF02FCFC9AF0072F729 /* Build configuration list for PBXNativeTarget "AutoLedgerWatchWidgetsExtensionExtension" */;
			buildPhases = (
				C0A00EDA2FCFC9AC0072F729 /* Sources */,
				C0A00EDB2FCFC9AC0072F729 /* Frameworks */,
				C0A00EDC2FCFC9AC0072F729 /* Resources */,
			);
			buildRules = (
			);
			dependencies = (
			);
			fileSystemSynchronizedGroups = (
				C0A00EE12FCFC9AC0072F729 /* AutoLedgerWatchWidgetsExtension */,
			);
			name = AutoLedgerWatchWidgetsExtensionExtension;
			packageProductDependencies = (
			);
			productName = AutoLedgerWatchWidgetsExtensionExtension;
			productReference = C0A00EDE2FCFC9AC0072F729 /* AutoLedgerWatchWidgetsExtensionExtension.appex */;
			productType = "com.apple.product-type.app-extension";
		};
		C0F1A87E2FD156E40012F5E3 /* AutoLedgerTV */ = {
			isa = PBXNativeTarget;
			buildConfigurationList = C0F1A8872FD156E60012F5E3 /* Build configuration list for PBXNativeTarget "AutoLedgerTV" */;
			buildPhases = (
				C0F1A87B2FD156E40012F5E3 /* Sources */,
				C0F1A87C2FD156E40012F5E3 /* Frameworks */,
				C0F1A87D2FD156E40012F5E3 /* Resources */,
			);
			buildRules = (
			);
			dependencies = (
			);
			fileSystemSynchronizedGroups = (
				C0F1A8802FD156E40012F5E3 /* AutoLedgerTV */,
			);
			name = AutoLedgerTV;
			packageProductDependencies = (
			);
			productName = AutoLedgerTV;
			productReference = C0F1A87F2FD156E40012F5E3 /* AutoLedgerTV.app */;
			productType = "com.apple.product-type.application";
		};
		C0F1A88D2FD15B6C0012F5E3 /* AutoLedgerVision */ = {
			isa = PBXNativeTarget;
			buildConfigurationList = C0F1A89C2FD15B6E0012F5E3 /* Build configuration list for PBXNativeTarget "AutoLedgerVision" */;
			buildPhases = (
				C0F1A88A2FD15B6C0012F5E3 /* Sources */,
				C0F1A88B2FD15B6C0012F5E3 /* Frameworks */,
				C0F1A88C2FD15B6C0012F5E3 /* Resources */,
			);
			buildRules = (
			);
			dependencies = (
			);
			fileSystemSynchronizedGroups = (
				C0F1A88F2FD15B6C0012F5E3 /* AutoLedgerVision */,
			);
			name = AutoLedgerVision;
			packageProductDependencies = (
				C0F1A8922FD15B6C0012F5E3 /* RealityKitContent */,
			);
			productName = AutoLedgerVision;
			productReference = C0F1A88E2FD15B6C0012F5E3 /* AutoLedgerVision.app */;
			productType = "com.apple.product-type.application";
		};
		D0CC00072FA68B0000639DC8 /* ControlWidgetExtension */ = {
			isa = PBXNativeTarget;
			buildConfigurationList = D0CC000C2FA68B0000639DC8 /* Build configuration list for PBXNativeTarget "ControlWidgetExtension" */;
			buildPhases = (
				D0CC00042FA68B0000639DC8 /* Sources */,
				D0CC00052FA68B0000639DC8 /* Frameworks */,
				D0CC00062FA68B0000639DC8 /* Resources */,
			);
			buildRules = (
			);
			dependencies = (
			);
			fileSystemSynchronizedGroups = (
				D0CC00022FA68B0000639DC8 /* ControlWidgetExtension */,
			);
			name = ControlWidgetExtension;
			packageProductDependencies = (
				D0CC000F2FA68B0000639DC8 /* AutoLedgerCore */,
			);
			productName = ControlWidgetExtension;
			productReference = D0CC00012FA68B0000639DC8 /* ControlWidgetExtension.appex */;
			productType = "com.apple.product-type.app-extension";
		};
/* End PBXNativeTarget section */

/* Begin PBXProject section */
		C042FD6C2F76270200A01918 /* Project object */ = {
			isa = PBXProject;
			attributes = {
				BuildIndependentTargetsInParallel = 1;
				LastSwiftUpdateCheck = 2650;
				LastUpgradeCheck = 2640;
				TargetAttributes = {
					C017EEAF2F875C1600639DC8 = {
						CreatedOnToolsVersion = 26.5;
					};
					C030417D2FB4235000F02850 = {
						CreatedOnToolsVersion = 26.5;
					};
					C042FD732F76270200A01918 = {
						CreatedOnToolsVersion = 26.4;
					};
					C08D1AE82F9A0A3B00CF2B9E = {
						CreatedOnToolsVersion = 26.5;
					};
					C0A00EDD2FCFC9AC0072F729 = {
						CreatedOnToolsVersion = 26.5;
					};
					C0F1A87E2FD156E40012F5E3 = {
						CreatedOnToolsVersion = 26.5;
					};
					C0F1A88D2FD15B6C0012F5E3 = {
						CreatedOnToolsVersion = 26.5;
					};
					D0CC00072FA68B0000639DC8 = {
						CreatedOnToolsVersion = 26.5;
					};
				};
			};
			buildConfigurationList = C042FD6F2F76270200A01918 /* Build configuration list for PBXProject "AutoLedger" */;
			developmentRegion = en;
			hasScannedForEncodings = 0;
			knownRegions = (
				en,
				"zh-Hans",
				Base,
				"zh-Hant",
			);
			mainGroup = C042FD6B2F76270200A01918;
			minimizedProjectReferenceProxies = 1;
			packageReferences = (
				AABB00010000000100000001 /* XCLocalSwiftPackageReference "AutoLedgerCore" */,
			);
			preferredProjectObjectVersion = 77;
			productRefGroup = C042FD752F76270200A01918 /* Products */;
			projectDirPath = "";
			projectRoot = "";
			targets = (
				C042FD732F76270200A01918 /* AutoLedger */,
				C017EEAF2F875C1600639DC8 /* ShareExtension */,
				D0CC00072FA68B0000639DC8 /* ControlWidgetExtension */,
				C08D1AE82F9A0A3B00CF2B9E /* AutoLedgerWidgetsExtension */,
				C030417D2FB4235000F02850 /* AutoLedgerWatch Watch App */,
				C0A00EDD2FCFC9AC0072F729 /* AutoLedgerWatchWidgetsExtensionExtension */,
				C0F1A87E2FD156E40012F5E3 /* AutoLedgerTV */,
				C0F1A88D2FD15B6C0012F5E3 /* AutoLedgerVision */,
			);
		};
/* End PBXProject section */

/* Begin PBXResourcesBuildPhase section */
		C017EEAE2F875C1600639DC8 /* Resources */ = {
			isa = PBXResourcesBuildPhase;
			buildActionMask = 2147483647;
			files = (
			);
			runOnlyForDeploymentPostprocessing = 0;
		};
		C030417C2FB4235000F02850 /* Resources */ = {
			isa = PBXResourcesBuildPhase;
			buildActionMask = 2147483647;
			files = (
			);
			runOnlyForDeploymentPostprocessing = 0;
		};
		C042FD722F76270200A01918 /* Resources */ = {
			isa = PBXResourcesBuildPhase;
			buildActionMask = 2147483647;
			files = (
			);
			runOnlyForDeploymentPostprocessing = 0;
		};
		C08D1AE72F9A0A3B00CF2B9E /* Resources */ = {
			isa = PBXResourcesBuildPhase;
			buildActionMask = 2147483647;
			files = (
			);
			runOnlyForDeploymentPostprocessing = 0;
		};
		C0A00EDC2FCFC9AC0072F729 /* Resources */ = {
			isa = PBXResourcesBuildPhase;
			buildActionMask = 2147483647;
			files = (
			);
			runOnlyForDeploymentPostprocessing = 0;
		};
		C0F1A87D2FD156E40012F5E3 /* Resources */ = {
			isa = PBXResourcesBuildPhase;
			buildActionMask = 2147483647;
			files = (
			);
			runOnlyForDeploymentPostprocessing = 0;
		};
		C0F1A88C2FD15B6C0012F5E3 /* Resources */ = {
			isa = PBXResourcesBuildPhase;
			buildActionMask = 2147483647;
			files = (
			);
			runOnlyForDeploymentPostprocessing = 0;
		};
		D0CC00062FA68B0000639DC8 /* Resources */ = {
			isa = PBXResourcesBuildPhase;
			buildActionMask = 2147483647;
			files = (
			);
			runOnlyForDeploymentPostprocessing = 0;
		};
/* End PBXResourcesBuildPhase section */

/* Begin PBXShellScriptBuildPhase section */
		BB3280C038644CF164E2E249 /* [CP] Check Pods Manifest.lock */ = {
			isa = PBXShellScriptBuildPhase;
			buildActionMask = 2147483647;
			files = (
			);
			inputFileListPaths = (
			);
			inputPaths = (
				"${PODS_PODFILE_DIR_PATH}/Podfile.lock",
				"${PODS_ROOT}/Manifest.lock",
			);
			name = "[CP] Check Pods Manifest.lock";
			outputFileListPaths = (
			);
			outputPaths = (
				"$(DERIVED_FILE_DIR)/Pods-AutoLedger-checkManifestLockResult.txt",
			);
			runOnlyForDeploymentPostprocessing = 0;
			shellPath = /bin/sh;
			shellScript = "diff \"${PODS_PODFILE_DIR_PATH}/Podfile.lock\" \"${PODS_ROOT}/Manifest.lock\" > /dev/null\nif [ $? != 0 ] ; then\n    # print error to STDERR\n    echo \"error: The sandbox is not in sync with the Podfile.lock. Run 'pod install' or update your CocoaPods installation.\" >&2\n    exit 1\nfi\n# This output is used by Xcode 'outputs' to avoid re-running this script phase.\necho \"SUCCESS\" > \"${SCRIPT_OUTPUT_FILE_0}\"\n";
			showEnvVarsInLog = 0;
		};
/* End PBXShellScriptBuildPhase section */

/* Begin PBXSourcesBuildPhase section */
		C017EEAC2F875C1600639DC8 /* Sources */ = {
			isa = PBXSourcesBuildPhase;
			buildActionMask = 2147483647;
			files = (
			);
			runOnlyForDeploymentPostprocessing = 0;
		};
		C030417A2FB4235000F02850 /* Sources */ = {
			isa = PBXSourcesBuildPhase;
			buildActionMask = 2147483647;
			files = (
			);
			runOnlyForDeploymentPostprocessing = 0;
		};
		C042FD702F76270200A01918 /* Sources */ = {
			isa = PBXSourcesBuildPhase;
			buildActionMask = 2147483647;
			files = (
			);
			runOnlyForDeploymentPostprocessing = 0;
		};
		C08D1AE52F9A0A3B00CF2B9E /* Sources */ = {
			isa = PBXSourcesBuildPhase;
			buildActionMask = 2147483647;
			files = (
			);
			runOnlyForDeploymentPostprocessing = 0;
		};
		C0A00EDA2FCFC9AC0072F729 /* Sources */ = {
			isa = PBXSourcesBuildPhase;
			buildActionMask = 2147483647;
			files = (
			);
			runOnlyForDeploymentPostprocessing = 0;
		};
		C0F1A87B2FD156E40012F5E3 /* Sources */ = {
			isa = PBXSourcesBuildPhase;
			buildActionMask = 2147483647;
			files = (
			);
			runOnlyForDeploymentPostprocessing = 0;
		};
		C0F1A88A2FD15B6C0012F5E3 /* Sources */ = {
			isa = PBXSourcesBuildPhase;
			buildActionMask = 2147483647;
			files = (
			);
			runOnlyForDeploymentPostprocessing = 0;
		};
		D0CC00042FA68B0000639DC8 /* Sources */ = {
			isa = PBXSourcesBuildPhase;
			buildActionMask = 2147483647;
			files = (
			);
			runOnlyForDeploymentPostprocessing = 0;
		};
/* End PBXSourcesBuildPhase section */

/* Begin PBXTargetDependency section */
		C017EEB92F875C1600639DC8 /* PBXTargetDependency */ = {
			isa = PBXTargetDependency;
			target = C017EEAF2F875C1600639DC8 /* ShareExtension */;
			targetProxy = C017EEB82F875C1600639DC8 /* PBXContainerItemProxy */;
		};
		C03041872FB4235100F02850 /* PBXTargetDependency */ = {
			isa = PBXTargetDependency;
			target = C030417D2FB4235000F02850 /* AutoLedgerWatch Watch App */;
			targetProxy = C03041862FB4235100F02850 /* PBXContainerItemProxy */;
		};
		C08D1AFD2F9A0A3C00CF2B9E /* PBXTargetDependency */ = {
			isa = PBXTargetDependency;
			target = C08D1AE82F9A0A3B00CF2B9E /* AutoLedgerWidgetsExtension */;
			targetProxy = C08D1AFC2F9A0A3C00CF2B9E /* PBXContainerItemProxy */;
		};
		C0A00EEE2FCFC9AF0072F729 /* PBXTargetDependency */ = {
			isa = PBXTargetDependency;
			target = C0A00EDD2FCFC9AC0072F729 /* AutoLedgerWatchWidgetsExtensionExtension */;
			targetProxy = C0A00EED2FCFC9AF0072F729 /* PBXContainerItemProxy */;
		};
		D0CC00092FA68B0000639DC8 /* PBXTargetDependency */ = {
			isa = PBXTargetDependency;
			target = D0CC00072FA68B0000639DC8 /* ControlWidgetExtension */;
			targetProxy = D0CC00082FA68B0000639DC8 /* PBXContainerItemProxy */;
		};
/* End PBXTargetDependency section */

/* Begin XCBuildConfiguration section */
		C017EEBD2F875C1600639DC8 /* Debug */ = {
			isa = XCBuildConfiguration;
			buildSettings = {
				CODE_SIGN_ENTITLEMENTS = ShareExtension/ShareExtension.entitlements;
				CODE_SIGN_IDENTITY = "Apple Development";
				CODE_SIGN_STYLE = Automatic;
				CURRENT_PROJECT_VERSION = 1;
				DEVELOPMENT_TEAM = 5QM62E2M2R;
				GENERATE_INFOPLIST_FILE = YES;
				INFOPLIST_FILE = ShareExtension/Info.plist;
				INFOPLIST_KEY_CFBundleDisplayName = ShareExtension;
				INFOPLIST_KEY_NSHumanReadableCopyright = "";
				IPHONEOS_DEPLOYMENT_TARGET = 26.0;
				LD_RUNPATH_SEARCH_PATHS = (
					"$(inherited)",
					"@executable_path/Frameworks",
					"@executable_path/../../Frameworks",
				);
				MARKETING_VERSION = 1.4.0;
				PRODUCT_BUNDLE_IDENTIFIER = top.darkrio326.AutoLedger.ShareExtension;
				PRODUCT_NAME = "$(TARGET_NAME)";
				SKIP_INSTALL = YES;
				STRING_CATALOG_GENERATE_SYMBOLS = YES;
				SWIFT_APPROACHABLE_CONCURRENCY = YES;
				SWIFT_EMIT_LOC_STRINGS = YES;
				SWIFT_UPCOMING_FEATURE_MEMBER_IMPORT_VISIBILITY = YES;
				SWIFT_VERSION = 5.0;
				TARGETED_DEVICE_FAMILY = 1;
			};
			name = Debug;
		};
		C017EEBE2F875C1600639DC8 /* Release */ = {
			isa = XCBuildConfiguration;
			buildSettings = {
				CODE_SIGN_ENTITLEMENTS = ShareExtension/ShareExtension.entitlements;
				CODE_SIGN_IDENTITY = "Apple Development";
				CODE_SIGN_STYLE = Automatic;
				CURRENT_PROJECT_VERSION = 1;
				DEVELOPMENT_TEAM = 5QM62E2M2R;
				GENERATE_INFOPLIST_FILE = YES;
				INFOPLIST_FILE = ShareExtension/Info.plist;
				INFOPLIST_KEY_CFBundleDisplayName = ShareExtension;
				INFOPLIST_KEY_NSHumanReadableCopyright = "";
				IPHONEOS_DEPLOYMENT_TARGET = 26.0;
				LD_RUNPATH_SEARCH_PATHS = (
					"$(inherited)",
					"@executable_path/Frameworks",
					"@executable_path/../../Frameworks",
				);
				MARKETING_VERSION = 1.4.0;
				PRODUCT_BUNDLE_IDENTIFIER = top.darkrio326.AutoLedger.ShareExtension;
				PRODUCT_NAME = "$(TARGET_NAME)";
				SKIP_INSTALL = YES;
				STRING_CATALOG_GENERATE_SYMBOLS = YES;
				SWIFT_APPROACHABLE_CONCURRENCY = YES;
				SWIFT_EMIT_LOC_STRINGS = YES;
				SWIFT_UPCOMING_FEATURE_MEMBER_IMPORT_VISIBILITY = YES;
				SWIFT_VERSION = 5.0;
				TARGETED_DEVICE_FAMILY = 1;
			};
			name = Release;
		};
		C030418A2FB4235100F02850 /* Debug */ = {
			isa = XCBuildConfiguration;
			buildSettings = {
				ASSETCATALOG_COMPILER_APPICON_NAME = AppIcon;
				ASSETCATALOG_COMPILER_GLOBAL_ACCENT_COLOR_NAME = AccentColor;
				CODE_SIGN_ENTITLEMENTS = "AutoLedgerWatch Watch App/AutoLedgerWatch Watch App.entitlements";
				CODE_SIGN_IDENTITY = "Apple Development";
				CODE_SIGN_STYLE = Automatic;
				CURRENT_PROJECT_VERSION = 1;
				DEVELOPMENT_TEAM = 5QM62E2M2R;
				ENABLE_PREVIEWS = YES;
				GENERATE_INFOPLIST_FILE = YES;
				INFOPLIST_KEY_CFBundleDisplayName = AutoLedger;
				INFOPLIST_KEY_UISupportedInterfaceOrientations = "UIInterfaceOrientationPortrait UIInterfaceOrientationPortraitUpsideDown";
				INFOPLIST_KEY_WKCompanionAppBundleIdentifier = top.darkrio326.AutoLedger;
				LD_RUNPATH_SEARCH_PATHS = (
					"$(inherited)",
					"@executable_path/Frameworks",
				);
				MARKETING_VERSION = 1.4.0;
				PRODUCT_BUNDLE_IDENTIFIER = top.darkrio326.AutoLedger.watchkitapp;
				PRODUCT_NAME = "$(TARGET_NAME)";
				SDKROOT = watchos;
				SKIP_INSTALL = YES;
				STRING_CATALOG_GENERATE_SYMBOLS = YES;
				SWIFT_APPROACHABLE_CONCURRENCY = YES;
				SWIFT_DEFAULT_ACTOR_ISOLATION = MainActor;
				SWIFT_EMIT_LOC_STRINGS = YES;
				SWIFT_UPCOMING_FEATURE_MEMBER_IMPORT_VISIBILITY = YES;
				SWIFT_VERSION = 5.0;
				TARGETED_DEVICE_FAMILY = 4;
				WATCHOS_DEPLOYMENT_TARGET = 26.0;
			};
			name = Debug;
		};
		C030418B2FB4235100F02850 /* Release */ = {
			isa = XCBuildConfiguration;
			buildSettings = {
				ASSETCATALOG_COMPILER_APPICON_NAME = AppIcon;
				ASSETCATALOG_COMPILER_GLOBAL_ACCENT_COLOR_NAME = AccentColor;
				CODE_SIGN_ENTITLEMENTS = "AutoLedgerWatch Watch App/AutoLedgerWatch Watch App.entitlements";
				CODE_SIGN_IDENTITY = "Apple Development";
				CODE_SIGN_STYLE = Automatic;
				CURRENT_PROJECT_VERSION = 1;
				DEVELOPMENT_TEAM = 5QM62E2M2R;
				ENABLE_PREVIEWS = YES;
				GENERATE_INFOPLIST_FILE = YES;
				INFOPLIST_KEY_CFBundleDisplayName = AutoLedger;
				INFOPLIST_KEY_UISupportedInterfaceOrientations = "UIInterfaceOrientationPortrait UIInterfaceOrientationPortraitUpsideDown";
				INFOPLIST_KEY_WKCompanionAppBundleIdentifier = top.darkrio326.AutoLedger;
				LD_RUNPATH_SEARCH_PATHS = (
					"$(inherited)",
					"@executable_path/Frameworks",
				);
				MARKETING_VERSION = 1.4.0;
				PRODUCT_BUNDLE_IDENTIFIER = top.darkrio326.AutoLedger.watchkitapp;
				PRODUCT_NAME = "$(TARGET_NAME)";
				SDKROOT = watchos;
				SKIP_INSTALL = YES;
				STRING_CATALOG_GENERATE_SYMBOLS = YES;
				SWIFT_APPROACHABLE_CONCURRENCY = YES;
				SWIFT_DEFAULT_ACTOR_ISOLATION = MainActor;
				SWIFT_EMIT_LOC_STRINGS = YES;
				SWIFT_UPCOMING_FEATURE_MEMBER_IMPORT_VISIBILITY = YES;
				SWIFT_VERSION = 5.0;
				TARGETED_DEVICE_FAMILY = 4;
				WATCHOS_DEPLOYMENT_TARGET = 26.0;
			};
			name = Release;
		};
		C042FD7D2F76270300A01918 /* Debug */ = {
			isa = XCBuildConfiguration;
			buildSettings = {
				ALWAYS_SEARCH_USER_PATHS = NO;
				ASSETCATALOG_COMPILER_GENERATE_SWIFT_ASSET_SYMBOL_EXTENSIONS = YES;
				CLANG_ANALYZER_NONNULL = YES;
				CLANG_ANALYZER_NUMBER_OBJECT_CONVERSION = YES_AGGRESSIVE;
				CLANG_CXX_LANGUAGE_STANDARD = "gnu++20";
				CLANG_ENABLE_MODULES = YES;
				CLANG_ENABLE_OBJC_ARC = YES;
				CLANG_ENABLE_OBJC_WEAK = YES;
				CLANG_WARN_BLOCK_CAPTURE_AUTORELEASING = YES;
				CLANG_WARN_BOOL_CONVERSION = YES;
				CLANG_WARN_COMMA = YES;
				CLANG_WARN_CONSTANT_CONVERSION = YES;
				CLANG_WARN_DEPRECATED_OBJC_IMPLEMENTATIONS = YES;
				CLANG_WARN_DIRECT_OBJC_ISA_USAGE = YES_ERROR;
				CLANG_WARN_DOCUMENTATION_COMMENTS = YES;
				CLANG_WARN_EMPTY_BODY = YES;
				CLANG_WARN_ENUM_CONVERSION = YES;
				CLANG_WARN_INFINITE_RECURSION = YES;
				CLANG_WARN_INT_CONVERSION = YES;
				CLANG_WARN_NON_LITERAL_NULL_CONVERSION = YES;
				CLANG_WARN_OBJC_IMPLICIT_RETAIN_SELF = YES;
				CLANG_WARN_OBJC_LITERAL_CONVERSION = YES;
				CLANG_WARN_OBJC_ROOT_CLASS = YES_ERROR;
				CLANG_WARN_QUOTED_INCLUDE_IN_FRAMEWORK_HEADER = YES;
				CLANG_WARN_RANGE_LOOP_ANALYSIS = YES;
				CLANG_WARN_STRICT_PROTOTYPES = YES;
				CLANG_WARN_SUSPICIOUS_MOVE = YES;
				CLANG_WARN_UNGUARDED_AVAILABILITY = YES_AGGRESSIVE;
				CLANG_WARN_UNREACHABLE_CODE = YES;
				CLANG_WARN__DUPLICATE_METHOD_MATCH = YES;
				COPY_PHASE_STRIP = NO;
				DEBUG_INFORMATION_FORMAT = dwarf;
				DEVELOPMENT_TEAM = 5QM62E2M2R;
				ENABLE_STRICT_OBJC_MSGSEND = YES;
				ENABLE_TESTABILITY = YES;
				ENABLE_USER_SCRIPT_SANDBOXING = YES;
				GCC_C_LANGUAGE_STANDARD = gnu17;
				GCC_DYNAMIC_NO_PIC = NO;
				GCC_NO_COMMON_BLOCKS = YES;
				GCC_OPTIMIZATION_LEVEL = 0;
				GCC_PREPROCESSOR_DEFINITIONS = (
					"DEBUG=1",
					"$(inherited)",
				);
				GCC_WARN_64_TO_32_BIT_CONVERSION = YES;
				GCC_WARN_ABOUT_RETURN_TYPE = YES_ERROR;
				GCC_WARN_UNDECLARED_SELECTOR = YES;
				GCC_WARN_UNINITIALIZED_AUTOS = YES_AGGRESSIVE;
				GCC_WARN_UNUSED_FUNCTION = YES;
				GCC_WARN_UNUSED_VARIABLE = YES;
				IPHONEOS_DEPLOYMENT_TARGET = 26.4;
				LOCALIZATION_PREFERS_STRING_CATALOGS = YES;
				MTL_ENABLE_DEBUG_INFO = INCLUDE_SOURCE;
				MTL_FAST_MATH = YES;
				ONLY_ACTIVE_ARCH = YES;
				SDKROOT = iphoneos;
				SWIFT_ACTIVE_COMPILATION_CONDITIONS = "DEBUG $(inherited)";
				SWIFT_OPTIMIZATION_LEVEL = "-Onone";
			};
			name = Debug;
		};
		C042FD7E2F76270300A01918 /* Release */ = {
			isa = XCBuildConfiguration;
			buildSettings = {
				ALWAYS_SEARCH_USER_PATHS = NO;
				ASSETCATALOG_COMPILER_GENERATE_SWIFT_ASSET_SYMBOL_EXTENSIONS = YES;
				CLANG_ANALYZER_NONNULL = YES;
				CLANG_ANALYZER_NUMBER_OBJECT_CONVERSION = YES_AGGRESSIVE;
				CLANG_CXX_LANGUAGE_STANDARD = "gnu++20";
				CLANG_ENABLE_MODULES = YES;
				CLANG_ENABLE_OBJC_ARC = YES;
				CLANG_ENABLE_OBJC_WEAK = YES;
				CLANG_WARN_BLOCK_CAPTURE_AUTORELEASING = YES;
				CLANG_WARN_BOOL_CONVERSION = YES;
				CLANG_WARN_COMMA = YES;
				CLANG_WARN_CONSTANT_CONVERSION = YES;
				CLANG_WARN_DEPRECATED_OBJC_IMPLEMENTATIONS = YES;
				CLANG_WARN_DIRECT_OBJC_ISA_USAGE = YES_ERROR;
				CLANG_WARN_DOCUMENTATION_COMMENTS = YES;
				CLANG_WARN_EMPTY_BODY = YES;
				CLANG_WARN_ENUM_CONVERSION = YES;
				CLANG_WARN_INFINITE_RECURSION = YES;
				CLANG_WARN_INT_CONVERSION = YES;
				CLANG_WARN_NON_LITERAL_NULL_CONVERSION = YES;
				CLANG_WARN_OBJC_IMPLICIT_RETAIN_SELF = YES;
				CLANG_WARN_OBJC_LITERAL_CONVERSION = YES;
				CLANG_WARN_OBJC_ROOT_CLASS = YES_ERROR;
				CLANG_WARN_QUOTED_INCLUDE_IN_FRAMEWORK_HEADER = YES;
				CLANG_WARN_RANGE_LOOP_ANALYSIS = YES;
				CLANG_WARN_STRICT_PROTOTYPES = YES;
				CLANG_WARN_SUSPICIOUS_MOVE = YES;
				CLANG_WARN_UNGUARDED_AVAILABILITY = YES_AGGRESSIVE;
				CLANG_WARN_UNREACHABLE_CODE = YES;
				CLANG_WARN__DUPLICATE_METHOD_MATCH = YES;
				COPY_PHASE_STRIP = NO;
				DEBUG_INFORMATION_FORMAT = "dwarf-with-dsym";
				DEVELOPMENT_TEAM = 5QM62E2M2R;
				ENABLE_NS_ASSERTIONS = NO;
				ENABLE_STRICT_OBJC_MSGSEND = YES;
				ENABLE_USER_SCRIPT_SANDBOXING = YES;
				GCC_C_LANGUAGE_STANDARD = gnu17;
				GCC_NO_COMMON_BLOCKS = YES;
				GCC_WARN_64_TO_32_BIT_CONVERSION = YES;
				GCC_WARN_ABOUT_RETURN_TYPE = YES_ERROR;
				GCC_WARN_UNDECLARED_SELECTOR = YES;
				GCC_WARN_UNINITIALIZED_AUTOS = YES_AGGRESSIVE;
				GCC_WARN_UNUSED_FUNCTION = YES;
				GCC_WARN_UNUSED_VARIABLE = YES;
				IPHONEOS_DEPLOYMENT_TARGET = 26.4;
				LOCALIZATION_PREFERS_STRING_CATALOGS = YES;
				MTL_ENABLE_DEBUG_INFO = NO;
				MTL_FAST_MATH = YES;
				SDKROOT = iphoneos;
				SWIFT_COMPILATION_MODE = wholemodule;
				VALIDATE_PRODUCT = YES;
			};
			name = Release;
		};
		C042FD802F76270300A01918 /* Debug */ = {
			isa = XCBuildConfiguration;
			baseConfigurationReference = 4D9F0E98664337C76D7A2F0D /* Pods-AutoLedger.debug.xcconfig */;
			buildSettings = {
				ASSETCATALOG_COMPILER_APPICON_NAME = AppIcon;
				ASSETCATALOG_COMPILER_GLOBAL_ACCENT_COLOR_NAME = AccentColor;
				CODE_SIGN_ENTITLEMENTS = AutoLedger/AutoLedger.entitlements;
				CODE_SIGN_IDENTITY = "Apple Development";
				CODE_SIGN_STYLE = Automatic;
				CURRENT_PROJECT_VERSION = 1;
				DEVELOPMENT_TEAM = 5QM62E2M2R;
				ENABLE_PREVIEWS = YES;
				GENERATE_INFOPLIST_FILE = YES;
				INFOPLIST_KEY_CFBundleDisplayName = "";
				"INFOPLIST_KEY_CFBundleDisplayName[sdk=iphoneos*]" = AutoLedger;
				INFOPLIST_KEY_ITSAppUsesNonExemptEncryption = NO;
				INFOPLIST_KEY_LSApplicationCategoryType = "public.app-category.finance";
				INFOPLIST_KEY_NSCameraUsageDescription = "用于拍照识别支付账单。";
				INFOPLIST_KEY_NSMicrophoneUsageDescription = "用于在 App 内通过语音输入记录支出。";
				INFOPLIST_KEY_NSSpeechRecognitionUsageDescription = "用于把语音记账内容转换成文字并解析为支出记录。";
				INFOPLIST_KEY_UIApplicationSceneManifest_Generation = YES;
				INFOPLIST_KEY_UIApplicationSupportsIndirectInputEvents = YES;
				INFOPLIST_KEY_UILaunchScreen_Generation = YES;
				INFOPLIST_KEY_UISupportedInterfaceOrientations_iPad = "UIInterfaceOrientationPortrait UIInterfaceOrientationPortraitUpsideDown UIInterfaceOrientationLandscapeLeft UIInterfaceOrientationLandscapeRight";
				INFOPLIST_KEY_UISupportedInterfaceOrientations_iPhone = "UIInterfaceOrientationPortrait UIInterfaceOrientationLandscapeLeft UIInterfaceOrientationLandscapeRight";
				IPHONEOS_DEPLOYMENT_TARGET = 26.0;
				LD_RUNPATH_SEARCH_PATHS = (
					"$(inherited)",
					"@executable_path/Frameworks",
				);
				MARKETING_VERSION = 1.4.0;
				PRODUCT_BUNDLE_IDENTIFIER = top.darkrio326.AutoLedger;
				PRODUCT_NAME = AutoLedger;
				PROVISIONING_PROFILE_SPECIFIER = "";
				STRING_CATALOG_GENERATE_SYMBOLS = YES;
				SUPPORTED_PLATFORMS = "iphoneos iphonesimulator";
				SUPPORTS_MACCATALYST = YES;
				SUPPORTS_MAC_DESIGNED_FOR_IPHONE_IPAD = NO;
				SUPPORTS_XR_DESIGNED_FOR_IPHONE_IPAD = NO;
				SWIFT_APPROACHABLE_CONCURRENCY = YES;
				SWIFT_DEFAULT_ACTOR_ISOLATION = MainActor;
				SWIFT_EMIT_LOC_STRINGS = YES;
				SWIFT_UPCOMING_FEATURE_MEMBER_IMPORT_VISIBILITY = YES;
				SWIFT_VERSION = 5.0;
				TARGETED_DEVICE_FAMILY = "1,2";
			};
			name = Debug;
		};
		C042FD812F76270300A01918 /* Release */ = {
			isa = XCBuildConfiguration;
			baseConfigurationReference = F3E9CB3BD1997D348E7B8304 /* Pods-AutoLedger.release.xcconfig */;
			buildSettings = {
				ASSETCATALOG_COMPILER_APPICON_NAME = AppIcon;
				ASSETCATALOG_COMPILER_GLOBAL_ACCENT_COLOR_NAME = AccentColor;
				CODE_SIGN_ENTITLEMENTS = AutoLedger/AutoLedger.entitlements;
				CODE_SIGN_IDENTITY = "Apple Development";
				CODE_SIGN_STYLE = Automatic;
				CURRENT_PROJECT_VERSION = 1;
				DEVELOPMENT_TEAM = 5QM62E2M2R;
				ENABLE_PREVIEWS = YES;
				GENERATE_INFOPLIST_FILE = YES;
				INFOPLIST_KEY_CFBundleDisplayName = "";
				"INFOPLIST_KEY_CFBundleDisplayName[sdk=iphoneos*]" = AutoLedger;
				INFOPLIST_KEY_ITSAppUsesNonExemptEncryption = NO;
				INFOPLIST_KEY_LSApplicationCategoryType = "public.app-category.finance";
				INFOPLIST_KEY_NSCameraUsageDescription = "用于拍照识别支付账单。";
				INFOPLIST_KEY_NSMicrophoneUsageDescription = "用于在 App 内通过语音输入记录支出。";
				INFOPLIST_KEY_NSSpeechRecognitionUsageDescription = "用于把语音记账内容转换成文字并解析为支出记录。";
				INFOPLIST_KEY_UIApplicationSceneManifest_Generation = YES;
				INFOPLIST_KEY_UIApplicationSupportsIndirectInputEvents = YES;
				INFOPLIST_KEY_UILaunchScreen_Generation = YES;
				INFOPLIST_KEY_UISupportedInterfaceOrientations_iPad = "UIInterfaceOrientationPortrait UIInterfaceOrientationPortraitUpsideDown UIInterfaceOrientationLandscapeLeft UIInterfaceOrientationLandscapeRight";
				INFOPLIST_KEY_UISupportedInterfaceOrientations_iPhone = "UIInterfaceOrientationPortrait UIInterfaceOrientationLandscapeLeft UIInterfaceOrientationLandscapeRight";
				IPHONEOS_DEPLOYMENT_TARGET = 26.0;
				LD_RUNPATH_SEARCH_PATHS = (
					"$(inherited)",
					"@executable_path/Frameworks",
				);
				MARKETING_VERSION = 1.4.0;
				PRODUCT_BUNDLE_IDENTIFIER = top.darkrio326.AutoLedger;
				PRODUCT_NAME = AutoLedger;
				PROVISIONING_PROFILE_SPECIFIER = "";
				STRING_CATALOG_GENERATE_SYMBOLS = YES;
				SUPPORTED_PLATFORMS = "iphoneos iphonesimulator";
				SUPPORTS_MACCATALYST = YES;
				SUPPORTS_MAC_DESIGNED_FOR_IPHONE_IPAD = NO;
				SUPPORTS_XR_DESIGNED_FOR_IPHONE_IPAD = NO;
				SWIFT_APPROACHABLE_CONCURRENCY = YES;
				SWIFT_DEFAULT_ACTOR_ISOLATION = MainActor;
				SWIFT_EMIT_LOC_STRINGS = YES;
				SWIFT_UPCOMING_FEATURE_MEMBER_IMPORT_VISIBILITY = YES;
				SWIFT_VERSION = 5.0;
				TARGETED_DEVICE_FAMILY = "1,2";
			};
			name = Release;
		};
		C08D1AFF2F9A0A3C00CF2B9E /* Debug */ = {
			isa = XCBuildConfiguration;
			buildSettings = {
				ASSETCATALOG_COMPILER_GLOBAL_ACCENT_COLOR_NAME = AccentColor;
				ASSETCATALOG_COMPILER_WIDGET_BACKGROUND_COLOR_NAME = WidgetBackground;
				CODE_SIGN_ENTITLEMENTS = AutoLedgerWidgetsExtension.entitlements;
				CODE_SIGN_IDENTITY = "Apple Development";
				CODE_SIGN_STYLE = Automatic;
				CURRENT_PROJECT_VERSION = 1;
				DEVELOPMENT_TEAM = 5QM62E2M2R;
				GENERATE_INFOPLIST_FILE = YES;
				INFOPLIST_FILE = AutoLedgerWidgets/Info.plist;
				INFOPLIST_KEY_CFBundleDisplayName = AutoLedgerWidgets;
				INFOPLIST_KEY_NSHumanReadableCopyright = "";
				IPHONEOS_DEPLOYMENT_TARGET = 26.0;
				LD_RUNPATH_SEARCH_PATHS = (
					"$(inherited)",
					"@executable_path/Frameworks",
					"@executable_path/../../Frameworks",
				);
				MARKETING_VERSION = 1.4.0;
				PRODUCT_BUNDLE_IDENTIFIER = top.darkrio326.AutoLedger.AutoLedgerWidgets;
				PRODUCT_NAME = "$(TARGET_NAME)";
				SKIP_INSTALL = YES;
				STRING_CATALOG_GENERATE_SYMBOLS = YES;
				SWIFT_APPROACHABLE_CONCURRENCY = YES;
				SWIFT_EMIT_LOC_STRINGS = YES;
				SWIFT_UPCOMING_FEATURE_MEMBER_IMPORT_VISIBILITY = YES;
				SWIFT_VERSION = 5.0;
				TARGETED_DEVICE_FAMILY = "1,2";
			};
			name = Debug;
		};
		C08D1B002F9A0A3C00CF2B9E /* Release */ = {
			isa = XCBuildConfiguration;
			buildSettings = {
				ASSETCATALOG_COMPILER_GLOBAL_ACCENT_COLOR_NAME = AccentColor;
				ASSETCATALOG_COMPILER_WIDGET_BACKGROUND_COLOR_NAME = WidgetBackground;
				CODE_SIGN_ENTITLEMENTS = AutoLedgerWidgetsExtension.entitlements;
				CODE_SIGN_IDENTITY = "Apple Development";
				CODE_SIGN_STYLE = Automatic;
				CURRENT_PROJECT_VERSION = 1;
				DEVELOPMENT_TEAM = 5QM62E2M2R;
				GENERATE_INFOPLIST_FILE = YES;
				INFOPLIST_FILE = AutoLedgerWidgets/Info.plist;
				INFOPLIST_KEY_CFBundleDisplayName = AutoLedgerWidgets;
				INFOPLIST_KEY_NSHumanReadableCopyright = "";
				IPHONEOS_DEPLOYMENT_TARGET = 26.0;
				LD_RUNPATH_SEARCH_PATHS = (
					"$(inherited)",
					"@executable_path/Frameworks",
					"@executable_path/../../Frameworks",
				);
				MARKETING_VERSION = 1.4.0;
				PRODUCT_BUNDLE_IDENTIFIER = top.darkrio326.AutoLedger.AutoLedgerWidgets;
				PRODUCT_NAME = "$(TARGET_NAME)";
				SKIP_INSTALL = YES;
				STRING_CATALOG_GENERATE_SYMBOLS = YES;
				SWIFT_APPROACHABLE_CONCURRENCY = YES;
				SWIFT_EMIT_LOC_STRINGS = YES;
				SWIFT_UPCOMING_FEATURE_MEMBER_IMPORT_VISIBILITY = YES;
				SWIFT_VERSION = 5.0;
				TARGETED_DEVICE_FAMILY = "1,2";
			};
			name = Release;
		};
		C0A00EF12FCFC9AF0072F729 /* Debug */ = {
			isa = XCBuildConfiguration;
			buildSettings = {
				ASSETCATALOG_COMPILER_GLOBAL_ACCENT_COLOR_NAME = AccentColor;
				ASSETCATALOG_COMPILER_WIDGET_BACKGROUND_COLOR_NAME = WidgetBackground;
				CODE_SIGN_ENTITLEMENTS = AutoLedgerWatchWidgetsExtensionExtension.entitlements;
				CODE_SIGN_IDENTITY = "Apple Development";
				CODE_SIGN_STYLE = Automatic;
				CURRENT_PROJECT_VERSION = 1;
				DEVELOPMENT_TEAM = 5QM62E2M2R;
				GENERATE_INFOPLIST_FILE = YES;
				INFOPLIST_FILE = AutoLedgerWatchWidgetsExtension/Info.plist;
				INFOPLIST_KEY_CFBundleDisplayName = AutoLedgerWatchWidgetsExtension;
				INFOPLIST_KEY_NSHumanReadableCopyright = "";
				LD_RUNPATH_SEARCH_PATHS = (
					"$(inherited)",
					"@executable_path/Frameworks",
					"@executable_path/../../Frameworks",
					"@executable_path/../../../../Frameworks",
				);
				MARKETING_VERSION = 1.4.0;
				PRODUCT_BUNDLE_IDENTIFIER = top.darkrio326.AutoLedger.watchkitapp.widgets;
				PRODUCT_NAME = "$(TARGET_NAME)";
				PROVISIONING_PROFILE_SPECIFIER = "";
				SDKROOT = watchos;
				SKIP_INSTALL = YES;
				STRING_CATALOG_GENERATE_SYMBOLS = YES;
				SUPPORTED_PLATFORMS = "watchos watchsimulator";
				SWIFT_APPROACHABLE_CONCURRENCY = YES;
				SWIFT_EMIT_LOC_STRINGS = YES;
				SWIFT_UPCOMING_FEATURE_MEMBER_IMPORT_VISIBILITY = YES;
				SWIFT_VERSION = 5.0;
				TARGETED_DEVICE_FAMILY = 4;
				WATCHOS_DEPLOYMENT_TARGET = 26.0;
			};
			name = Debug;
		};
		C0A00EF22FCFC9AF0072F729 /* Release */ = {
			isa = XCBuildConfiguration;
			buildSettings = {
				ASSETCATALOG_COMPILER_GLOBAL_ACCENT_COLOR_NAME = AccentColor;
				ASSETCATALOG_COMPILER_WIDGET_BACKGROUND_COLOR_NAME = WidgetBackground;
				CODE_SIGN_ENTITLEMENTS = AutoLedgerWatchWidgetsExtensionExtension.entitlements;
				CODE_SIGN_IDENTITY = "Apple Development";
				CODE_SIGN_STYLE = Automatic;
				CURRENT_PROJECT_VERSION = 1;
				DEVELOPMENT_TEAM = 5QM62E2M2R;
				GENERATE_INFOPLIST_FILE = YES;
				INFOPLIST_FILE = AutoLedgerWatchWidgetsExtension/Info.plist;
				INFOPLIST_KEY_CFBundleDisplayName = AutoLedgerWatchWidgetsExtension;
				INFOPLIST_KEY_NSHumanReadableCopyright = "";
				LD_RUNPATH_SEARCH_PATHS = (
					"$(inherited)",
					"@executable_path/Frameworks",
					"@executable_path/../../Frameworks",
					"@executable_path/../../../../Frameworks",
				);
				MARKETING_VERSION = 1.4.0;
				PRODUCT_BUNDLE_IDENTIFIER = top.darkrio326.AutoLedger.watchkitapp.widgets;
				PRODUCT_NAME = "$(TARGET_NAME)";
				PROVISIONING_PROFILE_SPECIFIER = "";
				SDKROOT = watchos;
				SKIP_INSTALL = YES;
				STRING_CATALOG_GENERATE_SYMBOLS = YES;
				SUPPORTED_PLATFORMS = "watchos watchsimulator";
				SWIFT_APPROACHABLE_CONCURRENCY = YES;
				SWIFT_EMIT_LOC_STRINGS = YES;
				SWIFT_UPCOMING_FEATURE_MEMBER_IMPORT_VISIBILITY = YES;
				SWIFT_VERSION = 5.0;
				TARGETED_DEVICE_FAMILY = 4;
				WATCHOS_DEPLOYMENT_TARGET = 26.0;
			};
			name = Release;
		};
		C0F1A8882FD156E60012F5E3 /* Debug */ = {
			isa = XCBuildConfiguration;
			buildSettings = {
				ASSETCATALOG_COMPILER_APPICON_NAME = "App Icon & Top Shelf Image";
				ASSETCATALOG_COMPILER_GLOBAL_ACCENT_COLOR_NAME = AccentColor;
				CODE_SIGN_IDENTITY = "Apple Development";
				CODE_SIGN_STYLE = Automatic;
				CURRENT_PROJECT_VERSION = 1;
				DEVELOPMENT_TEAM = 5QM62E2M2R;
				ENABLE_PREVIEWS = YES;
				GENERATE_INFOPLIST_FILE = YES;
				INFOPLIST_KEY_CFBundleDisplayName = AutoLedger;
				INFOPLIST_KEY_LSApplicationCategoryType = "public.app-category.finance";
				INFOPLIST_KEY_UILaunchScreen_Generation = YES;
				INFOPLIST_KEY_UIUserInterfaceStyle = Automatic;
				LD_RUNPATH_SEARCH_PATHS = (
					"$(inherited)",
					"@executable_path/Frameworks",
				);
				MARKETING_VERSION = 1.4.0;
				PRODUCT_BUNDLE_IDENTIFIER = top.darkrio326.AutoLedger.tv;
				PRODUCT_NAME = "$(TARGET_NAME)";
				PROVISIONING_PROFILE_SPECIFIER = "";
				SDKROOT = appletvos;
				STRING_CATALOG_GENERATE_SYMBOLS = YES;
				SWIFT_APPROACHABLE_CONCURRENCY = YES;
				SWIFT_DEFAULT_ACTOR_ISOLATION = MainActor;
				SWIFT_EMIT_LOC_STRINGS = YES;
				SWIFT_UPCOMING_FEATURE_MEMBER_IMPORT_VISIBILITY = YES;
				SWIFT_VERSION = 5.0;
				TARGETED_DEVICE_FAMILY = 3;
				TVOS_DEPLOYMENT_TARGET = 26.0;
			};
			name = Debug;
		};
		C0F1A8892FD156E60012F5E3 /* Release */ = {
			isa = XCBuildConfiguration;
			buildSettings = {
				ASSETCATALOG_COMPILER_APPICON_NAME = "App Icon & Top Shelf Image";
				ASSETCATALOG_COMPILER_GLOBAL_ACCENT_COLOR_NAME = AccentColor;
				CODE_SIGN_IDENTITY = "Apple Development";
				CODE_SIGN_STYLE = Automatic;
				CURRENT_PROJECT_VERSION = 1;
				DEVELOPMENT_TEAM = 5QM62E2M2R;
				ENABLE_PREVIEWS = YES;
				GENERATE_INFOPLIST_FILE = YES;
				INFOPLIST_KEY_CFBundleDisplayName = AutoLedger;
				INFOPLIST_KEY_LSApplicationCategoryType = "public.app-category.finance";
				INFOPLIST_KEY_UILaunchScreen_Generation = YES;
				INFOPLIST_KEY_UIUserInterfaceStyle = Automatic;
				LD_RUNPATH_SEARCH_PATHS = (
					"$(inherited)",
					"@executable_path/Frameworks",
				);
				MARKETING_VERSION = 1.4.0;
				PRODUCT_BUNDLE_IDENTIFIER = top.darkrio326.AutoLedger.tv;
				PRODUCT_NAME = "$(TARGET_NAME)";
				PROVISIONING_PROFILE_SPECIFIER = "";
				SDKROOT = appletvos;
				STRING_CATALOG_GENERATE_SYMBOLS = YES;
				SWIFT_APPROACHABLE_CONCURRENCY = YES;
				SWIFT_DEFAULT_ACTOR_ISOLATION = MainActor;
				SWIFT_EMIT_LOC_STRINGS = YES;
				SWIFT_UPCOMING_FEATURE_MEMBER_IMPORT_VISIBILITY = YES;
				SWIFT_VERSION = 5.0;
				TARGETED_DEVICE_FAMILY = 3;
				TVOS_DEPLOYMENT_TARGET = 26.0;
			};
			name = Release;
		};
		C0F1A89D2FD15B6E0012F5E3 /* Debug */ = {
			isa = XCBuildConfiguration;
			buildSettings = {
				ASSETCATALOG_COMPILER_APPICON_NAME = AppIcon;
				ASSETCATALOG_COMPILER_GLOBAL_ACCENT_COLOR_NAME = AccentColor;
				CODE_SIGN_STYLE = Automatic;
				CURRENT_PROJECT_VERSION = 1;
				DEVELOPMENT_TEAM = 5QM62E2M2R;
				ENABLE_PREVIEWS = YES;
				GENERATE_INFOPLIST_FILE = YES;
				INFOPLIST_FILE = "$(TARGET_NAME)/Info.plist";
				INFOPLIST_KEY_CFBundleDisplayName = AutoLedger;
				LD_RUNPATH_SEARCH_PATHS = (
					"$(inherited)",
					"@executable_path/Frameworks",
				);
				MARKETING_VERSION = 1.4.0;
				PRODUCT_BUNDLE_IDENTIFIER = top.darkrio326.AutoLedger.vision;
				PRODUCT_NAME = "$(TARGET_NAME)";
				SDKROOT = xros;
				STRING_CATALOG_GENERATE_SYMBOLS = YES;
				SUPPORTED_PLATFORMS = "xros xrsimulator";
				SWIFT_APPROACHABLE_CONCURRENCY = YES;
				SWIFT_DEFAULT_ACTOR_ISOLATION = MainActor;
				SWIFT_EMIT_LOC_STRINGS = YES;
				SWIFT_UPCOMING_FEATURE_MEMBER_IMPORT_VISIBILITY = YES;
				SWIFT_VERSION = 5.0;
				TARGETED_DEVICE_FAMILY = 7;
				XROS_DEPLOYMENT_TARGET = 26.0;
			};
			name = Debug;
		};
		C0F1A89E2FD15B6E0012F5E3 /* Release */ = {
			isa = XCBuildConfiguration;
			buildSettings = {
				ASSETCATALOG_COMPILER_APPICON_NAME = AppIcon;
				ASSETCATALOG_COMPILER_GLOBAL_ACCENT_COLOR_NAME = AccentColor;
				CODE_SIGN_STYLE = Automatic;
				CURRENT_PROJECT_VERSION = 1;
				DEVELOPMENT_TEAM = 5QM62E2M2R;
				ENABLE_PREVIEWS = YES;
				GENERATE_INFOPLIST_FILE = YES;
				INFOPLIST_FILE = "$(TARGET_NAME)/Info.plist";
				INFOPLIST_KEY_CFBundleDisplayName = AutoLedger;
				LD_RUNPATH_SEARCH_PATHS = (
					"$(inherited)",
					"@executable_path/Frameworks",
				);
				MARKETING_VERSION = 1.4.0;
				PRODUCT_BUNDLE_IDENTIFIER = top.darkrio326.AutoLedger.vision;
				PRODUCT_NAME = "$(TARGET_NAME)";
				SDKROOT = xros;
				STRING_CATALOG_GENERATE_SYMBOLS = YES;
				SUPPORTED_PLATFORMS = "xros xrsimulator";
				SWIFT_APPROACHABLE_CONCURRENCY = YES;
				SWIFT_DEFAULT_ACTOR_ISOLATION = MainActor;
				SWIFT_EMIT_LOC_STRINGS = YES;
				SWIFT_UPCOMING_FEATURE_MEMBER_IMPORT_VISIBILITY = YES;
				SWIFT_VERSION = 5.0;
				TARGETED_DEVICE_FAMILY = 7;
				XROS_DEPLOYMENT_TARGET = 26.0;
			};
			name = Release;
		};
		D0CC000D2FA68B0000639DC8 /* Debug */ = {
			isa = XCBuildConfiguration;
			buildSettings = {
				CODE_SIGN_ENTITLEMENTS = ControlWidgetExtension/ControlWidgetExtension.entitlements;
				CODE_SIGN_IDENTITY = "Apple Development";
				CODE_SIGN_STYLE = Automatic;
				CURRENT_PROJECT_VERSION = 1;
				DEVELOPMENT_TEAM = 5QM62E2M2R;
				GENERATE_INFOPLIST_FILE = YES;
				INFOPLIST_FILE = ControlWidgetExtension/Info.plist;
				INFOPLIST_KEY_CFBundleDisplayName = ClipboardLedge;
				INFOPLIST_KEY_NSHumanReadableCopyright = "";
				IPHONEOS_DEPLOYMENT_TARGET = 26.0;
				LD_RUNPATH_SEARCH_PATHS = (
					"$(inherited)",
					"@executable_path/Frameworks",
					"@executable_path/../../Frameworks",
				);
				MARKETING_VERSION = 1.4.0;
				PRODUCT_BUNDLE_IDENTIFIER = top.darkrio326.AutoLedger.ControlWidget;
				PRODUCT_NAME = "$(TARGET_NAME)";
				SKIP_INSTALL = YES;
				STRING_CATALOG_GENERATE_SYMBOLS = YES;
				SWIFT_APPROACHABLE_CONCURRENCY = YES;
				SWIFT_EMIT_LOC_STRINGS = YES;
				SWIFT_UPCOMING_FEATURE_MEMBER_IMPORT_VISIBILITY = YES;
				SWIFT_VERSION = 5.0;
				TARGETED_DEVICE_FAMILY = 1;
			};
			name = Debug;
		};
		D0CC000E2FA68B0000639DC8 /* Release */ = {
			isa = XCBuildConfiguration;
			buildSettings = {
				CODE_SIGN_ENTITLEMENTS = ControlWidgetExtension/ControlWidgetExtension.entitlements;
				CODE_SIGN_IDENTITY = "Apple Development";
				CODE_SIGN_STYLE = Automatic;
				CURRENT_PROJECT_VERSION = 1;
				DEVELOPMENT_TEAM = 5QM62E2M2R;
				GENERATE_INFOPLIST_FILE = YES;
				INFOPLIST_FILE = ControlWidgetExtension/Info.plist;
				INFOPLIST_KEY_CFBundleDisplayName = ClipboardLedge;
				INFOPLIST_KEY_NSHumanReadableCopyright = "";
				IPHONEOS_DEPLOYMENT_TARGET = 26.0;
				LD_RUNPATH_SEARCH_PATHS = (
					"$(inherited)",
					"@executable_path/Frameworks",
					"@executable_path/../../Frameworks",
				);
				MARKETING_VERSION = 1.4.0;
				PRODUCT_BUNDLE_IDENTIFIER = top.darkrio326.AutoLedger.ControlWidget;
				PRODUCT_NAME = "$(TARGET_NAME)";
				SKIP_INSTALL = YES;
				STRING_CATALOG_GENERATE_SYMBOLS = YES;
				SWIFT_APPROACHABLE_CONCURRENCY = YES;
				SWIFT_EMIT_LOC_STRINGS = YES;
				SWIFT_UPCOMING_FEATURE_MEMBER_IMPORT_VISIBILITY = YES;
				SWIFT_VERSION = 5.0;
				TARGETED_DEVICE_FAMILY = 1;
			};
			name = Release;
		};
/* End XCBuildConfiguration section */

/* Begin XCConfigurationList section */
		C017EEBC2F875C1600639DC8 /* Build configuration list for PBXNativeTarget "ShareExtension" */ = {
			isa = XCConfigurationList;
			buildConfigurations = (
				C017EEBD2F875C1600639DC8 /* Debug */,
				C017EEBE2F875C1600639DC8 /* Release */,
			);
			defaultConfigurationIsVisible = 0;
			defaultConfigurationName = Release;
		};
		C030418C2FB4235100F02850 /* Build configuration list for PBXNativeTarget "AutoLedgerWatch Watch App" */ = {
			isa = XCConfigurationList;
			buildConfigurations = (
				C030418A2FB4235100F02850 /* Debug */,
				C030418B2FB4235100F02850 /* Release */,
			);
			defaultConfigurationIsVisible = 0;
			defaultConfigurationName = Release;
		};
		C042FD6F2F76270200A01918 /* Build configuration list for PBXProject "AutoLedger" */ = {
			isa = XCConfigurationList;
			buildConfigurations = (
				C042FD7D2F76270300A01918 /* Debug */,
				C042FD7E2F76270300A01918 /* Release */,
			);
			defaultConfigurationIsVisible = 0;
			defaultConfigurationName = Release;
		};
		C042FD7F2F76270300A01918 /* Build configuration list for PBXNativeTarget "AutoLedger" */ = {
			isa = XCConfigurationList;
			buildConfigurations = (
				C042FD802F76270300A01918 /* Debug */,
				C042FD812F76270300A01918 /* Release */,
			);
			defaultConfigurationIsVisible = 0;
			defaultConfigurationName = Release;
		};
		C08D1B012F9A0A3C00CF2B9E /* Build configuration list for PBXNativeTarget "AutoLedgerWidgetsExtension" */ = {
			isa = XCConfigurationList;
			buildConfigurations = (
				C08D1AFF2F9A0A3C00CF2B9E /* Debug */,
				C08D1B002F9A0A3C00CF2B9E /* Release */,
			);
			defaultConfigurationIsVisible = 0;
			defaultConfigurationName = Release;
		};
		C0A00EF02FCFC9AF0072F729 /* Build configuration list for PBXNativeTarget "AutoLedgerWatchWidgetsExtensionExtension" */ = {
			isa = XCConfigurationList;
			buildConfigurations = (
				C0A00EF12FCFC9AF0072F729 /* Debug */,
				C0A00EF22FCFC9AF0072F729 /* Release */,
			);
			defaultConfigurationIsVisible = 0;
			defaultConfigurationName = Release;
		};
		C0F1A8872FD156E60012F5E3 /* Build configuration list for PBXNativeTarget "AutoLedgerTV" */ = {
			isa = XCConfigurationList;
			buildConfigurations = (
				C0F1A8882FD156E60012F5E3 /* Debug */,
				C0F1A8892FD156E60012F5E3 /* Release */,
			);
			defaultConfigurationIsVisible = 0;
			defaultConfigurationName = Release;
		};
		C0F1A89C2FD15B6E0012F5E3 /* Build configuration list for PBXNativeTarget "AutoLedgerVision" */ = {
			isa = XCConfigurationList;
			buildConfigurations = (
				C0F1A89D2FD15B6E0012F5E3 /* Debug */,
				C0F1A89E2FD15B6E0012F5E3 /* Release */,
			);
			defaultConfigurationIsVisible = 0;
			defaultConfigurationName = Release;
		};
		D0CC000C2FA68B0000639DC8 /* Build configuration list for PBXNativeTarget "ControlWidgetExtension" */ = {
			isa = XCConfigurationList;
			buildConfigurations = (
				D0CC000D2FA68B0000639DC8 /* Debug */,
				D0CC000E2FA68B0000639DC8 /* Release */,
			);
			defaultConfigurationIsVisible = 0;
			defaultConfigurationName = Release;
		};
/* End XCConfigurationList section */

/* Begin XCLocalSwiftPackageReference section */
		AABB00010000000100000001 /* XCLocalSwiftPackageReference "AutoLedgerCore" */ = {
			isa = XCLocalSwiftPackageReference;
			relativePath = AutoLedgerCore;
		};
/* End XCLocalSwiftPackageReference section */

/* Begin XCSwiftPackageProductDependency section */
		AABB00020000000200000002 /* AutoLedgerCore */ = {
			isa = XCSwiftPackageProductDependency;
			productName = AutoLedgerCore;
		};
		AABB00030000000300000003 /* AutoLedgerCore */ = {
			isa = XCSwiftPackageProductDependency;
			productName = AutoLedgerCore;
		};
		C030418D2FB4240500F02850 /* AutoLedgerCore */ = {
			isa = XCSwiftPackageProductDependency;
			package = AABB00010000000100000001 /* XCLocalSwiftPackageReference "AutoLedgerCore" */;
			productName = AutoLedgerCore;
		};
		C0F1A8922FD15B6C0012F5E3 /* RealityKitContent */ = {
			isa = XCSwiftPackageProductDependency;
			productName = RealityKitContent;
		};
		D0CC000F2FA68B0000639DC8 /* AutoLedgerCore */ = {
			isa = XCSwiftPackageProductDependency;
			productName = AutoLedgerCore;
		};
/* End XCSwiftPackageProductDependency section */
	};
	rootObject = C042FD6C2F76270200A01918 /* Project object */;
}
